// !$*UTF8*$!
{
	archiveVersion = 1;
	classes = {
	};
	objectVersion = 50;
	objects = {

/* Begin PBXBuildFile section */
		12054A5125C167A80016E360 /* QuestionViewController.swift in Sources */ = {isa = PBXBuildFile; fileRef = 12054A5025C167A80016E360 /* QuestionViewController.swift */; };
		1279110F25A3577700EE04BB /* AppDelegate.swift in Sources */ = {isa = PBXBuildFile; fileRef = 1279110E25A3577700EE04BB /* AppDelegate.swift */; };
		1279111125A3577700EE04BB /* SceneDelegate.swift in Sources */ = {isa = PBXBuildFile; fileRef = 1279111025A3577700EE04BB /* SceneDelegate.swift */; };
		1279111325A3577700EE04BB /* WelcomeViewController.swift in Sources */ = {isa = PBXBuildFile; fileRef = 1279111225A3577700EE04BB /* WelcomeViewController.swift */; };
		1279111625A3577700EE04BB /* Main.storyboard in Resources */ = {isa = PBXBuildFile; fileRef = 1279111425A3577700EE04BB /* Main.storyboard */; };
		1279111825A3577A00EE04BB /* Assets.xcassets in Resources */ = {isa = PBXBuildFile; fileRef = 1279111725A3577A00EE04BB /* Assets.xcassets */; };
		1279111B25A3577A00EE04BB /* LaunchScreen.storyboard in Resources */ = {isa = PBXBuildFile; fileRef = 1279111925A3577A00EE04BB /* LaunchScreen.storyboard */; };
/* End PBXBuildFile section */

/* Begin PBXFileReference section */
		12054A5025C167A80016E360 /* QuestionViewController.swift */ = {isa = PBXFileReference; lastKnownFileType = sourcecode.swift; path = QuestionViewController.swift; sourceTree = "<group>"; };
		1279110B25A3577700EE04BB /* Quiz Test.app */ = {isa = PBXFileReference; explicitFileType = wrapper.application; includeInIndex = 0; path = "Quiz Test.app"; sourceTree = BUILT_PRODUCTS_DIR; };
		1279110E25A3577700EE04BB /* AppDelegate.swift */ = {isa = PBXFileReference; lastKnownFileType = sourcecode.swift; path = AppDelegate.swift; sourceTree = "<group>"; };
		1279111025A3577700EE04BB /* SceneDelegate.swift */ = {isa = PBXFileReference; lastKnownFileType = sourcecode.swift; path = SceneDelegate.swift; sourceTree = "<group>"; };
		1279111225A3577700EE04BB /* WelcomeViewController.swift */ = {isa = PBXFileReference; lastKnownFileType = sourcecode.swift; path = WelcomeViewController.swift; sourceTree = "<group>"; };
		1279111525A3577700EE04BB /* Base */ = {isa = PBXFileReference; lastKnownFileType = file.storyboard; name = Base; path = Base.lproj/Main.storyboard; sourceTree = "<group>"; };
		1279111725A3577A00EE04BB /* Assets.xcassets */ = {isa = PBXFileReference; lastKnownFileType = folder.assetcatalog; path = Assets.xcassets; sourceTree = "<group>"; };
		1279111A25A3577A00EE04BB /* Base */ = {isa = PBXFileReference; lastKnownFileType = file.storyboard; name = Base; path = Base.lproj/LaunchScreen.storyboard; sourceTree = "<group>"; };
		1279111C25A3577A00EE04BB /* Info.plist */ = {isa = PBXFileReference; lastKnownFileType = text.plist.xml; path = Info.plist; sourceTree = "<group>"; };
/* End PBXFileReference section */

/* Begin PBXFrameworksBuildPhase section */
		1279110825A3577700EE04BB /* Frameworks */ = {
			isa = PBXFrameworksBuildPhase;
			buildActionMask = 2147483647;
			files = (
			);
			runOnlyForDeploymentPostprocessing = 0;
		};
/* End PBXFrameworksBuildPhase section */

/* Begin PBXGroup section */
		12054A5325C167E00016E360 /* View Controllers */ = {
			isa = PBXGroup;
			children = (
				1279111225A3577700EE04BB /* WelcomeViewController.swift */,
				12054A5025C167A80016E360 /* QuestionViewController.swift */,
			);
			path = "View Controllers";
			sourceTree = "<group>";
		};
		1279110225A3577700EE04BB = {
			isa = PBXGroup;
			children = (
				1279110D25A3577700EE04BB /* Quiz Test */,
				1279110C25A3577700EE04BB /* Products */,
			);
			sourceTree = "<group>";
		};
		1279110C25A3577700EE04BB /* Products */ = {
			isa = PBXGroup;
			children = (
				1279110B25A3577700EE04BB /* Quiz Test.app */,
			);
			name = Products;
			sourceTree = "<group>";
		};
		1279110D25A3577700EE04BB /* Quiz Test */ = {
			isa = PBXGroup;
			children = (
				1279110E25A3577700EE04BB /* AppDelegate.swift */,
				1279111725A3577A00EE04BB /* Assets.xcassets */,
				1279111C25A3577A00EE04BB /* Info.plist */,
				1279111925A3577A00EE04BB /* LaunchScreen.storyboard */,
				1279111425A3577700EE04BB /* Main.storyboard */,
				1279111025A3577700EE04BB /* SceneDelegate.swift */,
				12054A5325C167E00016E360 /* View Controllers */,
			);
			path = "Quiz Test";
			sourceTree = "<group>";
		};
/* End PBXGroup section */

/* Begin PBXNativeTarget section */
		1279110A25A3577700EE04BB /* Quiz Test */ = {
			isa = PBXNativeTarget;
			buildConfigurationList = 1279111F25A3577A00EE04BB /* Build configuration list for PBXNativeTarget "Quiz Test" */;
			buildPhases = (
				1279110725A3577700EE04BB /* Sources */,
				1279110825A3577700EE04BB /* Frameworks */,
				1279110925A3577700EE04BB /* Resources */,
			);
			buildRules = (
			);
			dependencies = (
			);
			name = "Quiz Test";
			productName = "Quiz Test";
			productReference = 1279110B25A3577700EE04BB /* Quiz Test.app */;
			productType = "com.apple.product-type.application";
		};
/* End PBXNativeTarget section */

/* Begin PBXProject section */
		1279110325A3577700EE04BB /* Project object */ = {
			isa = PBXProject;
			attributes = {
				LastSwiftUpdateCheck = 1230;
				LastUpgradeCheck = 1230;
				TargetAttributes = {
					1279110A25A3577700EE04BB = {
						CreatedOnToolsVersion = 12.3;
					};
				};
			};
			buildConfigurationList = 1279110625A3577700EE04BB /* Build configuration list for PBXProject "Quiz Test" */;
			compatibilityVersion = "Xcode 9.3";
			developmentRegion = en;
			hasScannedForEncodings = 0;
			knownRegions = (
				en,
				Base,
			);
			mainGroup = 1279110225A3577700EE04BB;
			productRefGroup = 1279110C25A3577700EE04BB /* Products */;
			projectDirPath = "";
			projectRoot = "";
			targets = (
				1279110A25A3577700EE04BB /* Quiz Test */,
			);
		};
/* End PBXProject section */

/* Begin PBXResourcesBuildPhase section */
		1279110925A3577700EE04BB /* Resources */ = {
			isa = PBXResourcesBuildPhase;
			buildActionMask = 2147483647;
			files = (
				1279111B25A3577A00EE04BB /* LaunchScreen.storyboard in Resources */,
				1279111825A3577A00EE04BB /* Assets.xcassets in Resources */,
				1279111625A3577700EE04BB /* Main.storyboard in Resources */,
			);
			runOnlyForDeploymentPostprocessing = 0;
		};
/* End PBXResourcesBuildPhase section */

/* Begin PBXSourcesBuildPhase section */
		1279110725A3577700EE04BB /* Sources */ = {
			isa = PBXSourcesBuildPhase;
			buildActionMask = 2147483647;
			files = (
				1279111325A3577700EE04BB /* WelcomeViewController.swift in Sources */,
				1279110F25A3577700EE04BB /* AppDelegate.swift in Sources */,
				12054A5125C167A80016E360 /* QuestionViewController.swift in Sources */,
				1279111125A3577700EE04BB /* SceneDelegate.swift in Sources */,
			);
			runOnlyForDeploymentPostprocessing = 0;
		};
/* End PBXSourcesBuildPhase section */

/* Begin PBXVariantGroup section */
		1279111425A3577700EE04BB /* Main.storyboard */ = {
			isa = PBXVariantGroup;
			children = (
				1279111525A3577700EE04BB /* Base */,
			);
			name = Main.storyboard;
			sourceTree = "<group>";
		};
		1279111925A3577A00EE04BB /* LaunchScreen.storyboard */ = {
			isa = PBXVariantGroup;
			children = (
				1279111A25A3577A00EE04BB /* Base */,
			);
			name = LaunchScreen.storyboard;
			sourceTree = "<group>";
		};
/* End PBXVariantGroup section */

/* Begin XCBuildConfiguration section */
		1279111D25A3577A00EE04BB /* Debug */ = {
			isa = XCBuildConfiguration;
			buildSettings = {
				ALWAYS_SEARCH_USER_PATHS = NO;
				CLANG_ANALYZER_NONNULL = YES;
				CLANG_ANALYZER_NUMBER_OBJECT_CONVERSION = YES_AGGRESSIVE;
				CLANG_CXX_LANGUAGE_STANDARD = "gnu++14";
				CLANG_CXX_LIBRARY = "libc++";
				CLANG_ENABLE_MODULES = YES;
				CLANG_ENABLE_OBJC_ARC = YES;
				CLANG_ENABLE_OBJC_WEAK = YES;
				CLANG_WARN_BLOCK_CAPTURE_AUTORELEASING = YES;
				CLANG_WARN_BOOL_CONVERSION = YES;
				CLANG_WARN_COMMA = YES;
				CLANG_WARN_CONSTANT_CONVERSION = YES;
				CLANG_WARN_DEPRECATED_OBJC_IMPLEMENTATIONS = YES;
				CLANG_WARN_DIRECT_OBJC_ISA_USAGE = YES_ERROR;
				CLANG_WARN_DOCUMENTATION_COMMENTS = YES;
				CLANG_WARN_EMPTY_BODY = YES;
				CLANG_WARN_ENUM_CONVERSION = YES;
				CLANG_WARN_INFINITE_RECURSION = YES;
				CLANG_WARN_INT_CONVERSION = YES;
				CLANG_WARN_NON_LITERAL_NULL_CONVERSION = YES;
				CLANG_WARN_OBJC_IMPLICIT_RETAIN_SELF = YES;
				CLANG_WARN_OBJC_LITERAL_CONVERSION = YES;
				CLANG_WARN_OBJC_ROOT_CLASS = YES_ERROR;
				CLANG_WARN_QUOTED_INCLUDE_IN_FRAMEWORK_HEADER = YES;
				CLANG_WARN_RANGE_LOOP_ANALYSIS = YES;
				CLANG_WARN_STRICT_PROTOTYPES = YES;
				CLANG_WARN_SUSPICIOUS_MOVE = YES;
				CLANG_WARN_UNGUARDED_AVAILABILITY = YES_AGGRESSIVE;
				CLANG_WARN_UNREACHABLE_CODE = YES;
				CLANG_WARN__DUPLICATE_METHOD_MATCH = YES;
				COPY_PHASE_STRIP = NO;
				DEBUG_INFORMATION_FORMAT = dwarf;
				ENABLE_STRICT_OBJC_MSGSEND = YES;
				ENABLE_TESTABILITY = YES;
				GCC_C_LANGUAGE_STANDARD = gnu11;
				GCC_DYNAMIC_NO_PIC = NO;
				GCC_NO_COMMON_BLOCKS = YES;
				GCC_OPTIMIZATION_LEVEL = 0;
				GCC_PREPROCESSOR_DEFINITIONS = (
					"DEBUG=1",
					"$(inherited)",
				);
				GCC_WARN_64_TO_32_BIT_CONVERSION = YES;
				GCC_WARN_ABOUT_RETURN_TYPE = YES_ERROR;
				GCC_WARN_UNDECLARED_SELECTOR = YES;
				GCC_WARN_UNINITIALIZED_AUTOS = YES_AGGRESSIVE;
				GCC_WARN_UNUSED_FUNCTION = YES;
				GCC_WARN_UNUSED_VARIABLE = YES;
				IPHONEOS_DEPLOYMENT_TARGET = 14.3;
				MTL_ENABLE_DEBUG_INFO = INCLUDE_SOURCE;
				MTL_FAST_MATH = YES;
				ONLY_ACTIVE_ARCH = YES;
				SDKROOT = iphoneos;
				SWIFT_ACTIVE_COMPILATION_CONDITIONS = DEBUG;
				SWIFT_OPTIMIZATION_LEVEL = "-Onone";
			};
			name = Debug;
		};
		1279111E25A3577A00EE04BB /* Release */ = {
			isa = XCBuildConfiguration;
			buildSettings = {
				ALWAYS_SEARCH_USER_PATHS = NO;
				CLANG_ANALYZER_NONNULL = YES;
				CLANG_ANALYZER_NUMBER_OBJECT_CONVERSION = YES_AGGRESSIVE;
				CLANG_CXX_LANGUAGE_STANDARD = "gnu++14";
				CLANG_CXX_LIBRARY = "libc++";
				CLANG_ENABLE_MODULES = YES;
				CLANG_ENABLE_OBJC_ARC = YES;
				CLANG_ENABLE_OBJC_WEAK = YES;
				CLANG_WARN_BLOCK_CAPTURE_AUTORELEASING = YES;
				CLANG_WARN_BOOL_CONVERSION = YES;
				CLANG_WARN_COMMA = YES;
				CLANG_WARN_CONSTANT_CONVERSION = YES;
				CLANG_WARN_DEPRECATED_OBJC_IMPLEMENTATIONS = YES;
				CLANG_WARN_DIRECT_OBJC_ISA_USAGE = YES_ERROR;
				CLANG_WARN_DOCUMENTATION_COMMENTS = YES;
				CLANG_WARN_EMPTY_BODY = YES;
				CLANG_WARN_ENUM_CONVERSION = YES;
				CLANG_WARN_INFINITE_RECURSION = YES;
				CLANG_WARN_INT_CONVERSION = YES;
				CLANG_WARN_NON_LITERAL_NULL_CONVERSION = YES;
				CLANG_WARN_OBJC_IMPLICIT_RETAIN_SELF = YES;
				CLANG_WARN_OBJC_LITERAL_CONVERSION = YES;
				CLANG_WARN_OBJC_ROOT_CLASS = YES_ERROR;
				CLANG_WARN_QUOTED_INCLUDE_IN_FRAMEWORK_HEADER = YES;
				CLANG_WARN_RANGE_LOOP_ANALYSIS = YES;
				CLANG_WARN_STRICT_PROTOTYPES = YES;
				CLANG_WARN_SUSPICIOUS_MOVE = YES;
				CLANG_WARN_UNGUARDED_AVAILABILITY = YES_AGGRESSIVE;
				CLANG_WARN_UNREACHABLE_CODE = YES;
				CLANG_WARN__DUPLICATE_METHOD_MATCH = YES;
				COPY_PHASE_STRIP = NO;
				DEBUG_INFORMATION_FORMAT = "dwarf-with-dsym";
				ENABLE_NS_ASSERTIONS = NO;
				ENABLE_STRICT_OBJC_MSGSEND = YES;
				GCC_C_LANGUAGE_STANDARD = gnu11;
				GCC_NO_COMMON_BLOCKS = YES;
				GCC_WARN_64_TO_32_BIT_CONVERSION = YES;
				GCC_WARN_ABOUT_RETURN_TYPE = YES_ERROR;
				GCC_WARN_UNDECLARED_SELECTOR = YES;
				GCC_WARN_UNINITIALIZED_AUTOS = YES_AGGRESSIVE;
				GCC_WARN_UNUSED_FUNCTION = YES;
				GCC_WARN_UNUSED_VARIABLE = YES;
				IPHONEOS_DEPLOYMENT_TARGET = 14.3;
				MTL_ENABLE_DEBUG_INFO = NO;
				MTL_FAST_MATH = YES;
				SDKROOT = iphoneos;
				SWIFT_COMPILATION_MODE = wholemodule;
				SWIFT_OPTIMIZATION_LEVEL = "-O";
				VALIDATE_PRODUCT = YES;
			};
			name = Release;
		};
		1279112025A3577A00EE04BB /* Debug */ = {
			isa = XCBuildConfiguration;
			buildSettings = {
				ASSETCATALOG_COMPILER_APPICON_NAME = AppIcon;
				ASSETCATALOG_COMPILER_GLOBAL_ACCENT_COLOR_NAME = AccentColor;
				CODE_SIGN_STYLE = Automatic;
				DEVELOPMENT_TEAM = N46BF4X43P;
				INFOPLIST_FILE = "Quiz Test/Info.plist";
				LD_RUNPATH_SEARCH_PATHS = (
					"$(inherited)",
					"@executable_path/Frameworks",
				);
				PRODUCT_BUNDLE_IDENTIFIER = "ru.concept360.Quiz-Test";
				PRODUCT_NAME = "$(TARGET_NAME)";
				SWIFT_VERSION = 5.0;
				TARGETED_DEVICE_FAMILY = "1,2";
			};
			name = Debug;
		};
		1279112125A3577A00EE04BB /* Release */ = {
			isa = XCBuildConfiguration;
			buildSettings = {
				ASSETCATALOG_COMPILER_APPICON_NAME = AppIcon;
				ASSETCATALOG_COMPILER_GLOBAL_ACCENT_COLOR_NAME = AccentColor;
				CODE_SIGN_STYLE = Automatic;
				DEVELOPMENT_TEAM = N46BF4X43P;
				INFOPLIST_FILE = "Quiz Test/Info.plist";
				LD_RUNPATH_SEARCH_PATHS = (
					"$(inherited)",
					"@executable_path/Frameworks",
				);
				PRODUCT_BUNDLE_IDENTIFIER = "ru.concept360.Quiz-Test";
				PRODUCT_NAME = "$(TARGET_NAME)";
				SWIFT_VERSION = 5.0;
				TARGETED_DEVICE_FAMILY = "1,2";
			};
			name = Release;
		};
/* End XCBuildConfiguration section */

/* Begin XCConfigurationList section */
		1279110625A3577700EE04BB /* Build configuration list for PBXProject "Quiz Test" */ = {
			isa = XCConfigurationList;
			buildConfigurations = (
				1279111D25A3577A00EE04BB /* Debug */,
				1279111E25A3577A00EE04BB /* Release */,
			);
			defaultConfigurationIsVisible = 0;
			defaultConfigurationName = Release;
		};
		1279111F25A3577A00EE04BB /* Build configuration list for PBXNativeTarget "Quiz Test" */ = {
			isa = XCConfigurationList;
			buildConfigurations = (
				1279112025A3577A00EE04BB /* Debug */,
				1279112125A3577A00EE04BB /* Release */,
			);
			defaultConfigurationIsVisible = 0;
			defaultConfigurationName = Release;
		};
/* End XCConfigurationList section */
	};
	rootObject = 1279110325A3577700EE04BB /* Project object */;
}
